
Microsoft Visual Studio Solution File, Format Version 12.00
# Visual Studio Version 16
VisualStudioVersion = 16.0.33529.622
MinimumVisualStudioVersion = 10.0.40219.1
Project("{FAE04EC0-301F-11D3-BF4B-00C04F79EFBC}") = "Proyek_PCS_2023", "Proyek_PCS_2023\Proyek_PCS_2023.csproj", "{DA905E57-1480-40BF-8F64-6554393B7004}"
EndProject
Global
	GlobalSection(SolutionConfigurationPlatforms) = preSolution
		Debug|Any CPU = Debug|Any CPU
		Release|Any CPU = Release|Any CPU
	EndGlobalSection
	GlobalSection(ProjectConfigurationPlatforms) = postSolution
		{DA905E57-1480-40BF-8F64-6554393B7004}.Debug|Any CPU.ActiveCfg = Debug|Any CPU
		{DA905E57-1480-40BF-8F64-6554393B7004}.Debug|Any CPU.Build.0 = Debug|Any CPU
		{DA905E57-1480-40BF-8F64-6554393B7004}.Release|Any CPU.ActiveCfg = Release|Any CPU
		{DA905E57-1480-40BF-8F64-6554393B7004}.Release|Any CPU.Build.0 = Release|Any CPU
	EndGlobalSection
	GlobalSection(SolutionProperties) = preSolution
		HideSolutionNode = FALSE
	EndGlobalSection
	GlobalSection(ExtensibilityGlobals) = postSolution
		SolutionGuid = {59A04FE7-406F-4E25-98B2-4B46BFB9B053}
	EndGlobalSection
EndGlobal
